
Microsoft Visual Studio Solution File, Format Version 12.00
# Visual Studio 14
VisualStudioVersion = 14.0.24720.0
MinimumVisualStudioVersion = 10.0.40219.1
Project("{FAE04EC0-301F-11D3-BF4B-00C04F79EFBC}") = "Ijepai.Web", "Ijepai.Web\Ijepai.Web.csproj", "{4CC6C7BA-19DB-4188-9DE7-FCBFFD104020}"
EndProject
Project("{FAE04EC0-301F-11D3-BF4B-00C04F79EFBC}") = "Processor", "Processor\Processor.csproj", "{BF2B7262-ED21-490B-8E71-7D78E9F48A25}"
EndProject
Project("{FAE04EC0-301F-11D3-BF4B-00C04F79EFBC}") = "Thobb.Ijepai.Messaging", "Thobb.Ijepai.Messaging\Thobb.Ijepai.Messaging.csproj", "{5E654F4C-5C15-4B38-BCBE-24295A4A4692}"
EndProject
Project("{FAE04EC0-301F-11D3-BF4B-00C04F79EFBC}") = "Thobb.Ijepai.ConfigManager", "Thobb.Ijepai.ConfigManager\Thobb.Ijepai.ConfigManager.csproj", "{B1D88F21-04FC-4B4F-8ADE-929131EBD0A2}"
EndProject
Project("{FAE04EC0-301F-11D3-BF4B-00C04F79EFBC}") = "ProcessVM", "ProcessVM\ProcessVM.csproj", "{A3593D69-73D8-4119-AB7C-90843A0381C5}"
EndProject
Project("{FAE04EC0-301F-11D3-BF4B-00C04F79EFBC}") = "Thobb.Ijepai.Logging", "Thobb.Ijepai.Logging\Thobb.Ijepai.Logging.csproj", "{1C593B45-AFF5-41C4-8494-D534A4BF6C10}"
EndProject
Project("{FAE04EC0-301F-11D3-BF4B-00C04F79EFBC}") = "SMLibrary", "SMLibrary\SMLibrary.csproj", "{88C5F787-E4A6-4C76-8C24-E38116F0317E}"
EndProject
Project("{FAE04EC0-301F-11D3-BF4B-00C04F79EFBC}") = "Ijepai.LabScheduler", "Ijepai.LabScheduler\Ijepai.LabScheduler.csproj", "{CA1D9332-BF54-4FE5-8435-4D26B131782E}"
EndProject
Project("{FAE04EC0-301F-11D3-BF4B-00C04F79EFBC}") = "IjepaiMailer", "Ijepai.Mailer\IjepaiMailer.csproj", "{484F43F1-BE6E-4A25-9B6A-D6AEDBB2565B}"
EndProject
Project("{CC5FD16D-436D-48AD-A40C-5A424C6E3E79}") = "Ijpie", "Ijpie\Ijpie.ccproj", "{BB6CBB80-C1AD-4163-946B-489F1D751DF9}"
EndProject
Project("{FAE04EC0-301F-11D3-BF4B-00C04F79EFBC}") = "WebApi", "WebApi\WebApi.csproj", "{FB301C7C-E978-479D-B2FF-7C053366E910}"
EndProject
Project("{FAE04EC0-301F-11D3-BF4B-00C04F79EFBC}") = "IjpieSite", "IjpieSite\IjpieSite.csproj", "{52781F60-EEA7-47DB-938D-1E1BD896A45C}"
EndProject
Global
	GlobalSection(SolutionConfigurationPlatforms) = preSolution
		Debug|Any CPU = Debug|Any CPU
		Debug|Mixed Platforms = Debug|Mixed Platforms
		Debug|Win32 = Debug|Win32
		Release|Any CPU = Release|Any CPU
		Release|Mixed Platforms = Release|Mixed Platforms
		Release|Win32 = Release|Win32
	EndGlobalSection
	GlobalSection(ProjectConfigurationPlatforms) = postSolution
		{4CC6C7BA-19DB-4188-9DE7-FCBFFD104020}.Debug|Any CPU.ActiveCfg = Debug|Any CPU
		{4CC6C7BA-19DB-4188-9DE7-FCBFFD104020}.Debug|Any CPU.Build.0 = Debug|Any CPU
		{4CC6C7BA-19DB-4188-9DE7-FCBFFD104020}.Debug|Mixed Platforms.ActiveCfg = Debug|Any CPU
		{4CC6C7BA-19DB-4188-9DE7-FCBFFD104020}.Debug|Mixed Platforms.Build.0 = Debug|Any CPU
		{4CC6C7BA-19DB-4188-9DE7-FCBFFD104020}.Debug|Win32.ActiveCfg = Debug|Any CPU
		{4CC6C7BA-19DB-4188-9DE7-FCBFFD104020}.Release|Any CPU.ActiveCfg = Release|Any CPU
		{4CC6C7BA-19DB-4188-9DE7-FCBFFD104020}.Release|Any CPU.Build.0 = Release|Any CPU
		{4CC6C7BA-19DB-4188-9DE7-FCBFFD104020}.Release|Mixed Platforms.ActiveCfg = Release|Any CPU
		{4CC6C7BA-19DB-4188-9DE7-FCBFFD104020}.Release|Mixed Platforms.Build.0 = Release|Any CPU
		{4CC6C7BA-19DB-4188-9DE7-FCBFFD104020}.Release|Win32.ActiveCfg = Release|Any CPU
		{BF2B7262-ED21-490B-8E71-7D78E9F48A25}.Debug|Any CPU.ActiveCfg = Debug|Any CPU
		{BF2B7262-ED21-490B-8E71-7D78E9F48A25}.Debug|Any CPU.Build.0 = Debug|Any CPU
		{BF2B7262-ED21-490B-8E71-7D78E9F48A25}.Debug|Mixed Platforms.ActiveCfg = Debug|Any CPU
		{BF2B7262-ED21-490B-8E71-7D78E9F48A25}.Debug|Mixed Platforms.Build.0 = Debug|Any CPU
		{BF2B7262-ED21-490B-8E71-7D78E9F48A25}.Debug|Win32.ActiveCfg = Debug|Any CPU
		{BF2B7262-ED21-490B-8E71-7D78E9F48A25}.Release|Any CPU.ActiveCfg = Release|Any CPU
		{BF2B7262-ED21-490B-8E71-7D78E9F48A25}.Release|Any CPU.Build.0 = Release|Any CPU
		{BF2B7262-ED21-490B-8E71-7D78E9F48A25}.Release|Mixed Platforms.ActiveCfg = Release|Any CPU
		{BF2B7262-ED21-490B-8E71-7D78E9F48A25}.Release|Mixed Platforms.Build.0 = Release|Any CPU
		{BF2B7262-ED21-490B-8E71-7D78E9F48A25}.Release|Win32.ActiveCfg = Release|Any CPU
		{5E654F4C-5C15-4B38-BCBE-24295A4A4692}.Debug|Any CPU.ActiveCfg = Debug|Any CPU
		{5E654F4C-5C15-4B38-BCBE-24295A4A4692}.Debug|Any CPU.Build.0 = Debug|Any CPU
		{5E654F4C-5C15-4B38-BCBE-24295A4A4692}.Debug|Mixed Platforms.ActiveCfg = Debug|Any CPU
		{5E654F4C-5C15-4B38-BCBE-24295A4A4692}.Debug|Mixed Platforms.Build.0 = Debug|Any CPU
		{5E654F4C-5C15-4B38-BCBE-24295A4A4692}.Debug|Win32.ActiveCfg = Debug|Any CPU
		{5E654F4C-5C15-4B38-BCBE-24295A4A4692}.Release|Any CPU.ActiveCfg = Release|Any CPU
		{5E654F4C-5C15-4B38-BCBE-24295A4A4692}.Release|Any CPU.Build.0 = Release|Any CPU
		{5E654F4C-5C15-4B38-BCBE-24295A4A4692}.Release|Mixed Platforms.ActiveCfg = Release|Any CPU
		{5E654F4C-5C15-4B38-BCBE-24295A4A4692}.Release|Mixed Platforms.Build.0 = Release|Any CPU
		{5E654F4C-5C15-4B38-BCBE-24295A4A4692}.Release|Win32.ActiveCfg = Release|Any CPU
		{B1D88F21-04FC-4B4F-8ADE-929131EBD0A2}.Debug|Any CPU.ActiveCfg = Debug|Any CPU
		{B1D88F21-04FC-4B4F-8ADE-929131EBD0A2}.Debug|Any CPU.Build.0 = Debug|Any CPU
		{B1D88F21-04FC-4B4F-8ADE-929131EBD0A2}.Debug|Mixed Platforms.ActiveCfg = Debug|Any CPU
		{B1D88F21-04FC-4B4F-8ADE-929131EBD0A2}.Debug|Mixed Platforms.Build.0 = Debug|Any CPU
		{B1D88F21-04FC-4B4F-8ADE-929131EBD0A2}.Debug|Win32.ActiveCfg = Debug|Any CPU
		{B1D88F21-04FC-4B4F-8ADE-929131EBD0A2}.Release|Any CPU.ActiveCfg = Release|Any CPU
		{B1D88F21-04FC-4B4F-8ADE-929131EBD0A2}.Release|Any CPU.Build.0 = Release|Any CPU
		{B1D88F21-04FC-4B4F-8ADE-929131EBD0A2}.Release|Mixed Platforms.ActiveCfg = Release|Any CPU
		{B1D88F21-04FC-4B4F-8ADE-929131EBD0A2}.Release|Mixed Platforms.Build.0 = Release|Any CPU
		{B1D88F21-04FC-4B4F-8ADE-929131EBD0A2}.Release|Win32.ActiveCfg = Release|Any CPU
		{A3593D69-73D8-4119-AB7C-90843A0381C5}.Debug|Any CPU.ActiveCfg = Debug|Any CPU
		{A3593D69-73D8-4119-AB7C-90843A0381C5}.Debug|Any CPU.Build.0 = Debug|Any CPU
		{A3593D69-73D8-4119-AB7C-90843A0381C5}.Debug|Mixed Platforms.ActiveCfg = Debug|Any CPU
		{A3593D69-73D8-4119-AB7C-90843A0381C5}.Debug|Mixed Platforms.Build.0 = Debug|Any CPU
		{A3593D69-73D8-4119-AB7C-90843A0381C5}.Debug|Win32.ActiveCfg = Debug|Any CPU
		{A3593D69-73D8-4119-AB7C-90843A0381C5}.Release|Any CPU.ActiveCfg = Release|Any CPU
		{A3593D69-73D8-4119-AB7C-90843A0381C5}.Release|Any CPU.Build.0 = Release|Any CPU
		{A3593D69-73D8-4119-AB7C-90843A0381C5}.Release|Mixed Platforms.ActiveCfg = Release|Any CPU
		{A3593D69-73D8-4119-AB7C-90843A0381C5}.Release|Mixed Platforms.Build.0 = Release|Any CPU
		{A3593D69-73D8-4119-AB7C-90843A0381C5}.Release|Win32.ActiveCfg = Release|Any CPU
		{1C593B45-AFF5-41C4-8494-D534A4BF6C10}.Debug|Any CPU.ActiveCfg = Debug|Any CPU
		{1C593B45-AFF5-41C4-8494-D534A4BF6C10}.Debug|Any CPU.Build.0 = Debug|Any CPU
		{1C593B45-AFF5-41C4-8494-D534A4BF6C10}.Debug|Mixed Platforms.ActiveCfg = Debug|Any CPU
		{1C593B45-AFF5-41C4-8494-D534A4BF6C10}.Debug|Mixed Platforms.Build.0 = Debug|Any CPU
		{1C593B45-AFF5-41C4-8494-D534A4BF6C10}.Debug|Win32.ActiveCfg = Debug|Any CPU
		{1C593B45-AFF5-41C4-8494-D534A4BF6C10}.Release|Any CPU.ActiveCfg = Release|Any CPU
		{1C593B45-AFF5-41C4-8494-D534A4BF6C10}.Release|Any CPU.Build.0 = Release|Any CPU
		{1C593B45-AFF5-41C4-8494-D534A4BF6C10}.Release|Mixed Platforms.ActiveCfg = Release|Any CPU
		{1C593B45-AFF5-41C4-8494-D534A4BF6C10}.Release|Mixed Platforms.Build.0 = Release|Any CPU
		{1C593B45-AFF5-41C4-8494-D534A4BF6C10}.Release|Win32.ActiveCfg = Release|Any CPU
		{88C5F787-E4A6-4C76-8C24-E38116F0317E}.Debug|Any CPU.ActiveCfg = Debug|Any CPU
		{88C5F787-E4A6-4C76-8C24-E38116F0317E}.Debug|Any CPU.Build.0 = Debug|Any CPU
		{88C5F787-E4A6-4C76-8C24-E38116F0317E}.Debug|Mixed Platforms.ActiveCfg = Debug|Any CPU
		{88C5F787-E4A6-4C76-8C24-E38116F0317E}.Debug|Mixed Platforms.Build.0 = Debug|Any CPU
		{88C5F787-E4A6-4C76-8C24-E38116F0317E}.Debug|Win32.ActiveCfg = Debug|Any CPU
		{88C5F787-E4A6-4C76-8C24-E38116F0317E}.Release|Any CPU.ActiveCfg = Release|Any CPU
		{88C5F787-E4A6-4C76-8C24-E38116F0317E}.Release|Any CPU.Build.0 = Release|Any CPU
		{88C5F787-E4A6-4C76-8C24-E38116F0317E}.Release|Mixed Platforms.ActiveCfg = Release|Any CPU
		{88C5F787-E4A6-4C76-8C24-E38116F0317E}.Release|Mixed Platforms.Build.0 = Release|Any CPU
		{88C5F787-E4A6-4C76-8C24-E38116F0317E}.Release|Win32.ActiveCfg = Release|Any CPU
		{CA1D9332-BF54-4FE5-8435-4D26B131782E}.Debug|Any CPU.ActiveCfg = Debug|Any CPU
		{CA1D9332-BF54-4FE5-8435-4D26B131782E}.Debug|Any CPU.Build.0 = Debug|Any CPU
		{CA1D9332-BF54-4FE5-8435-4D26B131782E}.Debug|Mixed Platforms.ActiveCfg = Debug|Any CPU
		{CA1D9332-BF54-4FE5-8435-4D26B131782E}.Debug|Mixed Platforms.Build.0 = Debug|Any CPU
		{CA1D9332-BF54-4FE5-8435-4D26B131782E}.Debug|Win32.ActiveCfg = Debug|Any CPU
		{CA1D9332-BF54-4FE5-8435-4D26B131782E}.Release|Any CPU.ActiveCfg = Release|Any CPU
		{CA1D9332-BF54-4FE5-8435-4D26B131782E}.Release|Any CPU.Build.0 = Release|Any CPU
		{CA1D9332-BF54-4FE5-8435-4D26B131782E}.Release|Mixed Platforms.ActiveCfg = Release|Any CPU
		{CA1D9332-BF54-4FE5-8435-4D26B131782E}.Release|Mixed Platforms.Build.0 = Release|Any CPU
		{CA1D9332-BF54-4FE5-8435-4D26B131782E}.Release|Win32.ActiveCfg = Release|Any CPU
		{484F43F1-BE6E-4A25-9B6A-D6AEDBB2565B}.Debug|Any CPU.ActiveCfg = Debug|Any CPU
		{484F43F1-BE6E-4A25-9B6A-D6AEDBB2565B}.Debug|Any CPU.Build.0 = Debug|Any CPU
		{484F43F1-BE6E-4A25-9B6A-D6AEDBB2565B}.Debug|Mixed Platforms.ActiveCfg = Debug|Any CPU
		{484F43F1-BE6E-4A25-9B6A-D6AEDBB2565B}.Debug|Mixed Platforms.Build.0 = Debug|Any CPU
		{484F43F1-BE6E-4A25-9B6A-D6AEDBB2565B}.Debug|Win32.ActiveCfg = Debug|Any CPU
		{484F43F1-BE6E-4A25-9B6A-D6AEDBB2565B}.Release|Any CPU.ActiveCfg = Release|Any CPU
		{484F43F1-BE6E-4A25-9B6A-D6AEDBB2565B}.Release|Any CPU.Build.0 = Release|Any CPU
		{484F43F1-BE6E-4A25-9B6A-D6AEDBB2565B}.Release|Mixed Platforms.ActiveCfg = Release|Any CPU
		{484F43F1-BE6E-4A25-9B6A-D6AEDBB2565B}.Release|Mixed Platforms.Build.0 = Release|Any CPU
		{484F43F1-BE6E-4A25-9B6A-D6AEDBB2565B}.Release|Win32.ActiveCfg = Release|Any CPU
		{BB6CBB80-C1AD-4163-946B-489F1D751DF9}.Debug|Any CPU.ActiveCfg = Debug|Any CPU
		{BB6CBB80-C1AD-4163-946B-489F1D751DF9}.Debug|Any CPU.Build.0 = Debug|Any CPU
		{BB6CBB80-C1AD-4163-946B-489F1D751DF9}.Debug|Mixed Platforms.ActiveCfg = Debug|Any CPU
		{BB6CBB80-C1AD-4163-946B-489F1D751DF9}.Debug|Mixed Platforms.Build.0 = Debug|Any CPU
		{BB6CBB80-C1AD-4163-946B-489F1D751DF9}.Debug|Win32.ActiveCfg = Debug|Any CPU
		{BB6CBB80-C1AD-4163-946B-489F1D751DF9}.Debug|Win32.Build.0 = Debug|Any CPU
		{BB6CBB80-C1AD-4163-946B-489F1D751DF9}.Release|Any CPU.ActiveCfg = Release|Any CPU
		{BB6CBB80-C1AD-4163-946B-489F1D751DF9}.Release|Any CPU.Build.0 = Release|Any CPU
		{BB6CBB80-C1AD-4163-946B-489F1D751DF9}.Release|Mixed Platforms.ActiveCfg = Release|Any CPU
		{BB6CBB80-C1AD-4163-946B-489F1D751DF9}.Release|Mixed Platforms.Build.0 = Release|Any CPU
		{BB6CBB80-C1AD-4163-946B-489F1D751DF9}.Release|Win32.ActiveCfg = Release|Any CPU
		{BB6CBB80-C1AD-4163-946B-489F1D751DF9}.Release|Win32.Build.0 = Release|Any CPU
		{FB301C7C-E978-479D-B2FF-7C053366E910}.Debug|Any CPU.ActiveCfg = Debug|Any CPU
		{FB301C7C-E978-479D-B2FF-7C053366E910}.Debug|Any CPU.Build.0 = Debug|Any CPU
		{FB301C7C-E978-479D-B2FF-7C053366E910}.Debug|Mixed Platforms.ActiveCfg = Debug|Any CPU
		{FB301C7C-E978-479D-B2FF-7C053366E910}.Debug|Mixed Platforms.Build.0 = Debug|Any CPU
		{FB301C7C-E978-479D-B2FF-7C053366E910}.Debug|Win32.ActiveCfg = Debug|Any CPU
		{FB301C7C-E978-479D-B2FF-7C053366E910}.Debug|Win32.Build.0 = Debug|Any CPU
		{FB301C7C-E978-479D-B2FF-7C053366E910}.Release|Any CPU.ActiveCfg = Release|Any CPU
		{FB301C7C-E978-479D-B2FF-7C053366E910}.Release|Any CPU.Build.0 = Release|Any CPU
		{FB301C7C-E978-479D-B2FF-7C053366E910}.Release|Mixed Platforms.ActiveCfg = Release|Any CPU
		{FB301C7C-E978-479D-B2FF-7C053366E910}.Release|Mixed Platforms.Build.0 = Release|Any CPU
		{FB301C7C-E978-479D-B2FF-7C053366E910}.Release|Win32.ActiveCfg = Release|Any CPU
		{FB301C7C-E978-479D-B2FF-7C053366E910}.Release|Win32.Build.0 = Release|Any CPU
		{52781F60-EEA7-47DB-938D-1E1BD896A45C}.Debug|Any CPU.ActiveCfg = Debug|Any CPU
		{52781F60-EEA7-47DB-938D-1E1BD896A45C}.Debug|Any CPU.Build.0 = Debug|Any CPU
		{52781F60-EEA7-47DB-938D-1E1BD896A45C}.Debug|Mixed Platforms.ActiveCfg = Debug|Any CPU
		{52781F60-EEA7-47DB-938D-1E1BD896A45C}.Debug|Mixed Platforms.Build.0 = Debug|Any CPU
		{52781F60-EEA7-47DB-938D-1E1BD896A45C}.Debug|Win32.ActiveCfg = Debug|Any CPU
		{52781F60-EEA7-47DB-938D-1E1BD896A45C}.Debug|Win32.Build.0 = Debug|Any CPU
		{52781F60-EEA7-47DB-938D-1E1BD896A45C}.Release|Any CPU.ActiveCfg = Release|Any CPU
		{52781F60-EEA7-47DB-938D-1E1BD896A45C}.Release|Any CPU.Build.0 = Release|Any CPU
		{52781F60-EEA7-47DB-938D-1E1BD896A45C}.Release|Mixed Platforms.ActiveCfg = Release|Any CPU
		{52781F60-EEA7-47DB-938D-1E1BD896A45C}.Release|Mixed Platforms.Build.0 = Release|Any CPU
		{52781F60-EEA7-47DB-938D-1E1BD896A45C}.Release|Win32.ActiveCfg = Release|Any CPU
		{52781F60-EEA7-47DB-938D-1E1BD896A45C}.Release|Win32.Build.0 = Release|Any CPU
	EndGlobalSection
	GlobalSection(SolutionProperties) = preSolution
		HideSolutionNode = FALSE
	EndGlobalSection
EndGlobal
